
Microsoft Visual Studio Solution File, Format Version 12.00
# Visual Studio Version 16
VisualStudioVersion = 16.0.31911.196
MinimumVisualStudioVersion = 10.0.40219.1
Project("{FAE04EC0-301F-11D3-BF4B-00C04F79EFBC}") = "MVC_Vaje202122_Priprava", "MVC_Vaje202122_Priprava\MVC_Vaje202122_Priprava.csproj", "{5442B321-9E9E-4EAE-8AB5-EDD95C86C3DA}"
EndProject
Global
	GlobalSection(SolutionConfigurationPlatforms) = preSolution
		Debug|Any CPU = Debug|Any CPU
		Release|Any CPU = Release|Any CPU
	EndGlobalSection
	GlobalSection(ProjectConfigurationPlatforms) = postSolution
		{5442B321-9E9E-4EAE-8AB5-EDD95C86C3DA}.Debug|Any CPU.ActiveCfg = Debug|Any CPU
		{5442B321-9E9E-4EAE-8AB5-EDD95C86C3DA}.Debug|Any CPU.Build.0 = Debug|Any CPU
		{5442B321-9E9E-4EAE-8AB5-EDD95C86C3DA}.Release|Any CPU.ActiveCfg = Release|Any CPU
		{5442B321-9E9E-4EAE-8AB5-EDD95C86C3DA}.Release|Any CPU.Build.0 = Release|Any CPU
	EndGlobalSection
	GlobalSection(SolutionProperties) = preSolution
		HideSolutionNode = FALSE
	EndGlobalSection
	GlobalSection(ExtensibilityGlobals) = postSolution
		SolutionGuid = {E44734DA-016F-43ED-BD2B-EF155935464D}
	EndGlobalSection
EndGlobal
